// !$*UTF8*$!
{
	archiveVersion = 1;
	classes = {
	};
	objectVersion = 56;
	objects = {

/* Begin PBXBuildFile section */
		B6016E1E29B1F37A009C0DFD /* ChatGPTSwiftUIApp.swift in Sources */ = {isa = PBXBuildFile; fileRef = B6016E1D29B1F37A009C0DFD /* ChatGPTSwiftUIApp.swift */; };
		B6016E2229B1F37B009C0DFD /* Assets.xcassets in Resources */ = {isa = PBXBuildFile; fileRef = B6016E2129B1F37B009C0DFD /* Assets.xcassets */; };
		B6016E2529B1F37B009C0DFD /* Preview Assets.xcassets in Resources */ = {isa = PBXBuildFile; fileRef = B6016E2429B1F37B009C0DFD /* Preview Assets.xcassets */; };
		B6016E2C29B1F468009C0DFD /* APIHandler.swift in Sources */ = {isa = PBXBuildFile; fileRef = B6016E2B29B1F467009C0DFD /* APIHandler.swift */; };
		B6016E2E29B1F493009C0DFD /* Constants.swift in Sources */ = {isa = PBXBuildFile; fileRef = B6016E2D29B1F493009C0DFD /* Constants.swift */; };
		B6016E3029B1F4AB009C0DFD /* GPTModel.swift in Sources */ = {isa = PBXBuildFile; fileRef = B6016E2F29B1F4AB009C0DFD /* GPTModel.swift */; };
		B6016E3229B1F4B3009C0DFD /* ViewModel.swift in Sources */ = {isa = PBXBuildFile; fileRef = B6016E3129B1F4B3009C0DFD /* ViewModel.swift */; };
		B6016E3429B1F4B8009C0DFD /* View.swift in Sources */ = {isa = PBXBuildFile; fileRef = B6016E3329B1F4B8009C0DFD /* View.swift */; };
		B66DB92E29B3313500EEB8DA /* DaVinciModel.swift in Sources */ = {isa = PBXBuildFile; fileRef = B66DB92D29B3313500EEB8DA /* DaVinciModel.swift */; };
		B6936B2F29B2AF60002FF971 /* SwiftKeychainWrapper in Frameworks */ = {isa = PBXBuildFile; productRef = B6936B2E29B2AF60002FF971 /* SwiftKeychainWrapper */; };
		B6936B3129B30337002FF971 /* Extensions.swift in Sources */ = {isa = PBXBuildFile; fileRef = B6936B3029B30337002FF971 /* Extensions.swift */; };
		B6AFF4F929B430E60048A1DF /* ChatItemView.swift in Sources */ = {isa = PBXBuildFile; fileRef = B6AFF4F829B430E60048A1DF /* ChatItemView.swift */; };
/* End PBXBuildFile section */

/* Begin PBXFileReference section */
		B6016E1A29B1F37A009C0DFD /* ChatGPTSwiftUI.app */ = {isa = PBXFileReference; explicitFileType = wrapper.application; includeInIndex = 0; path = ChatGPTSwiftUI.app; sourceTree = BUILT_PRODUCTS_DIR; };
		B6016E1D29B1F37A009C0DFD /* ChatGPTSwiftUIApp.swift */ = {isa = PBXFileReference; lastKnownFileType = sourcecode.swift; path = ChatGPTSwiftUIApp.swift; sourceTree = "<group>"; };
		B6016E2129B1F37B009C0DFD /* Assets.xcassets */ = {isa = PBXFileReference; lastKnownFileType = folder.assetcatalog; path = Assets.xcassets; sourceTree = "<group>"; };
		B6016E2429B1F37B009C0DFD /* Preview Assets.xcassets */ = {isa = PBXFileReference; lastKnownFileType = folder.assetcatalog; path = "Preview Assets.xcassets"; sourceTree = "<group>"; };
		B6016E2B29B1F467009C0DFD /* APIHandler.swift */ = {isa = PBXFileReference; lastKnownFileType = sourcecode.swift; path = APIHandler.swift; sourceTree = "<group>"; };
		B6016E2D29B1F493009C0DFD /* Constants.swift */ = {isa = PBXFileReference; lastKnownFileType = sourcecode.swift; path = Constants.swift; sourceTree = "<group>"; };
		B6016E2F29B1F4AB009C0DFD /* GPTModel.swift */ = {isa = PBXFileReference; lastKnownFileType = sourcecode.swift; path = GPTModel.swift; sourceTree = "<group>"; };
		B6016E3129B1F4B3009C0DFD /* ViewModel.swift */ = {isa = PBXFileReference; lastKnownFileType = sourcecode.swift; path = ViewModel.swift; sourceTree = "<group>"; };
		B6016E3329B1F4B8009C0DFD /* View.swift */ = {isa = PBXFileReference; lastKnownFileType = sourcecode.swift; path = View.swift; sourceTree = "<group>"; };
		B66DB92D29B3313500EEB8DA /* DaVinciModel.swift */ = {isa = PBXFileReference; lastKnownFileType = sourcecode.swift; path = DaVinciModel.swift; sourceTree = "<group>"; };
		B6936B3029B30337002FF971 /* Extensions.swift */ = {isa = PBXFileReference; lastKnownFileType = sourcecode.swift; path = Extensions.swift; sourceTree = "<group>"; };
		B6AFF4F829B430E60048A1DF /* ChatItemView.swift */ = {isa = PBXFileReference; lastKnownFileType = sourcecode.swift; path = ChatItemView.swift; sourceTree = "<group>"; };
		B6AFF4FA29B442D20048A1DF /* README.md */ = {isa = PBXFileReference; lastKnownFileType = net.daringfireball.markdown; path = README.md; sourceTree = "<group>"; };
/* End PBXFileReference section */

/* Begin PBXFrameworksBuildPhase section */
		B6016E1729B1F37A009C0DFD /* Frameworks */ = {
			isa = PBXFrameworksBuildPhase;
			buildActionMask = 2147483647;
			files = (
				B6936B2F29B2AF60002FF971 /* SwiftKeychainWrapper in Frameworks */,
			);
			runOnlyForDeploymentPostprocessing = 0;
		};
/* End PBXFrameworksBuildPhase section */

/* Begin PBXGroup section */
		B6016E1129B1F37A009C0DFD = {
			isa = PBXGroup;
			children = (
				B6AFF4FA29B442D20048A1DF /* README.md */,
				B6016E1C29B1F37A009C0DFD /* ChatGPTSwiftUI */,
				B6016E1B29B1F37A009C0DFD /* Products */,
			);
			sourceTree = "<group>";
		};
		B6016E1B29B1F37A009C0DFD /* Products */ = {
			isa = PBXGroup;
			children = (
				B6016E1A29B1F37A009C0DFD /* ChatGPTSwiftUI.app */,
			);
			name = Products;
			sourceTree = "<group>";
		};
		B6016E1C29B1F37A009C0DFD /* ChatGPTSwiftUI */ = {
			isa = PBXGroup;
			children = (
				B6016E1D29B1F37A009C0DFD /* ChatGPTSwiftUIApp.swift */,
				B6016E2B29B1F467009C0DFD /* APIHandler.swift */,
				B6016E2D29B1F493009C0DFD /* Constants.swift */,
				B6936B3029B30337002FF971 /* Extensions.swift */,
				B6016E2F29B1F4AB009C0DFD /* GPTModel.swift */,
				B66DB92D29B3313500EEB8DA /* DaVinciModel.swift */,
				B6016E3129B1F4B3009C0DFD /* ViewModel.swift */,
				B6016E3329B1F4B8009C0DFD /* View.swift */,
				B6AFF4F829B430E60048A1DF /* ChatItemView.swift */,
				B6016E2129B1F37B009C0DFD /* Assets.xcassets */,
				B6016E2329B1F37B009C0DFD /* Preview Content */,
			);
			path = ChatGPTSwiftUI;
			sourceTree = "<group>";
		};
		B6016E2329B1F37B009C0DFD /* Preview Content */ = {
			isa = PBXGroup;
			children = (
				B6016E2429B1F37B009C0DFD /* Preview Assets.xcassets */,
			);
			path = "Preview Content";
			sourceTree = "<group>";
		};
/* End PBXGroup section */

/* Begin PBXNativeTarget section */
		B6016E1929B1F37A009C0DFD /* ChatGPTSwiftUI */ = {
			isa = PBXNativeTarget;
			buildConfigurationList = B6016E2829B1F37B009C0DFD /* Build configuration list for PBXNativeTarget "ChatGPTSwiftUI" */;
			buildPhases = (
				B6016E1629B1F37A009C0DFD /* Sources */,
				B6016E1729B1F37A009C0DFD /* Frameworks */,
				B6016E1829B1F37A009C0DFD /* Resources */,
			);
			buildRules = (
			);
			dependencies = (
			);
			name = ChatGPTSwiftUI;
			packageProductDependencies = (
				B6936B2E29B2AF60002FF971 /* SwiftKeychainWrapper */,
			);
			productName = ChatGPTSwiftUI;
			productReference = B6016E1A29B1F37A009C0DFD /* ChatGPTSwiftUI.app */;
			productType = "com.apple.product-type.application";
		};
/* End PBXNativeTarget section */

/* Begin PBXProject section */
		B6016E1229B1F37A009C0DFD /* Project object */ = {
			isa = PBXProject;
			attributes = {
				BuildIndependentTargetsInParallel = 1;
				LastSwiftUpdateCheck = 1420;
				LastUpgradeCheck = 1420;
				TargetAttributes = {
					B6016E1929B1F37A009C0DFD = {
						CreatedOnToolsVersion = 14.2;
					};
				};
			};
			buildConfigurationList = B6016E1529B1F37A009C0DFD /* Build configuration list for PBXProject "ChatGPTSwiftUI" */;
			compatibilityVersion = "Xcode 14.0";
			developmentRegion = en;
			hasScannedForEncodings = 0;
			knownRegions = (
				en,
				Base,
			);
			mainGroup = B6016E1129B1F37A009C0DFD;
			packageReferences = (
				B6936B2D29B2AF60002FF971 /* XCRemoteSwiftPackageReference "SwiftKeychainWrapper" */,
			);
			productRefGroup = B6016E1B29B1F37A009C0DFD /* Products */;
			projectDirPath = "";
			projectRoot = "";
			targets = (
				B6016E1929B1F37A009C0DFD /* ChatGPTSwiftUI */,
			);
		};
/* End PBXProject section */

/* Begin PBXResourcesBuildPhase section */
		B6016E1829B1F37A009C0DFD /* Resources */ = {
			isa = PBXResourcesBuildPhase;
			buildActionMask = 2147483647;
			files = (
				B6016E2529B1F37B009C0DFD /* Preview Assets.xcassets in Resources */,
				B6016E2229B1F37B009C0DFD /* Assets.xcassets in Resources */,
			);
			runOnlyForDeploymentPostprocessing = 0;
		};
/* End PBXResourcesBuildPhase section */

/* Begin PBXSourcesBuildPhase section */
		B6016E1629B1F37A009C0DFD /* Sources */ = {
			isa = PBXSourcesBuildPhase;
			buildActionMask = 2147483647;
			files = (
				B6016E3029B1F4AB009C0DFD /* GPTModel.swift in Sources */,
				B6016E2C29B1F468009C0DFD /* APIHandler.swift in Sources */,
				B6AFF4F929B430E60048A1DF /* ChatItemView.swift in Sources */,
				B6016E1E29B1F37A009C0DFD /* ChatGPTSwiftUIApp.swift in Sources */,
				B6016E3229B1F4B3009C0DFD /* ViewModel.swift in Sources */,
				B66DB92E29B3313500EEB8DA /* DaVinciModel.swift in Sources */,
				B6016E3429B1F4B8009C0DFD /* View.swift in Sources */,
				B6016E2E29B1F493009C0DFD /* Constants.swift in Sources */,
				B6936B3129B30337002FF971 /* Extensions.swift in Sources */,
			);
			runOnlyForDeploymentPostprocessing = 0;
		};
/* End PBXSourcesBuildPhase section */

/* Begin XCBuildConfiguration section */
		B6016E2629B1F37B009C0DFD /* Debug */ = {
			isa = XCBuildConfiguration;
			buildSettings = {
				ALWAYS_SEARCH_USER_PATHS = NO;
				CLANG_ANALYZER_NONNULL = YES;
				CLANG_ANALYZER_NUMBER_OBJECT_CONVERSION = YES_AGGRESSIVE;
				CLANG_CXX_LANGUAGE_STANDARD = "gnu++20";
				CLANG_ENABLE_MODULES = YES;
				CLANG_ENABLE_OBJC_ARC = YES;
				CLANG_ENABLE_OBJC_WEAK = YES;
				CLANG_WARN_BLOCK_CAPTURE_AUTORELEASING = YES;
				CLANG_WARN_BOOL_CONVERSION = YES;
				CLANG_WARN_COMMA = YES;
				CLANG_WARN_CONSTANT_CONVERSION = YES;
				CLANG_WARN_DEPRECATED_OBJC_IMPLEMENTATIONS = YES;
				CLANG_WARN_DIRECT_OBJC_ISA_USAGE = YES_ERROR;
				CLANG_WARN_DOCUMENTATION_COMMENTS = YES;
				CLANG_WARN_EMPTY_BODY = YES;
				CLANG_WARN_ENUM_CONVERSION = YES;
				CLANG_WARN_INFINITE_RECURSION = YES;
				CLANG_WARN_INT_CONVERSION = YES;
				CLANG_WARN_NON_LITERAL_NULL_CONVERSION = YES;
				CLANG_WARN_OBJC_IMPLICIT_RETAIN_SELF = YES;
				CLANG_WARN_OBJC_LITERAL_CONVERSION = YES;
				CLANG_WARN_OBJC_ROOT_CLASS = YES_ERROR;
				CLANG_WARN_QUOTED_INCLUDE_IN_FRAMEWORK_HEADER = YES;
				CLANG_WARN_RANGE_LOOP_ANALYSIS = YES;
				CLANG_WARN_STRICT_PROTOTYPES = YES;
				CLANG_WARN_SUSPICIOUS_MOVE = YES;
				CLANG_WARN_UNGUARDED_AVAILABILITY = YES_AGGRESSIVE;
				CLANG_WARN_UNREACHABLE_CODE = YES;
				CLANG_WARN__DUPLICATE_METHOD_MATCH = YES;
				COPY_PHASE_STRIP = NO;
				DEBUG_INFORMATION_FORMAT = dwarf;
				ENABLE_STRICT_OBJC_MSGSEND = YES;
				ENABLE_TESTABILITY = YES;
				GCC_C_LANGUAGE_STANDARD = gnu11;
				GCC_DYNAMIC_NO_PIC = NO;
				GCC_NO_COMMON_BLOCKS = YES;
				GCC_OPTIMIZATION_LEVEL = 0;
				GCC_PREPROCESSOR_DEFINITIONS = (
					"DEBUG=1",
					"$(inherited)",
				);
				GCC_WARN_64_TO_32_BIT_CONVERSION = YES;
				GCC_WARN_ABOUT_RETURN_TYPE = YES_ERROR;
				GCC_WARN_UNDECLARED_SELECTOR = YES;
				GCC_WARN_UNINITIALIZED_AUTOS = YES_AGGRESSIVE;
				GCC_WARN_UNUSED_FUNCTION = YES;
				GCC_WARN_UNUSED_VARIABLE = YES;
				IPHONEOS_DEPLOYMENT_TARGET = 16.2;
				MTL_ENABLE_DEBUG_INFO = INCLUDE_SOURCE;
				MTL_FAST_MATH = YES;
				ONLY_ACTIVE_ARCH = YES;
				SDKROOT = iphoneos;
				SWIFT_ACTIVE_COMPILATION_CONDITIONS = DEBUG;
				SWIFT_OPTIMIZATION_LEVEL = "-Onone";
			};
			name = Debug;
		};
		B6016E2729B1F37B009C0DFD /* Release */ = {
			isa = XCBuildConfiguration;
			buildSettings = {
				ALWAYS_SEARCH_USER_PATHS = NO;
				CLANG_ANALYZER_NONNULL = YES;
				CLANG_ANALYZER_NUMBER_OBJECT_CONVERSION = YES_AGGRESSIVE;
				CLANG_CXX_LANGUAGE_STANDARD = "gnu++20";
				CLANG_ENABLE_MODULES = YES;
				CLANG_ENABLE_OBJC_ARC = YES;
				CLANG_ENABLE_OBJC_WEAK = YES;
				CLANG_WARN_BLOCK_CAPTURE_AUTORELEASING = YES;
				CLANG_WARN_BOOL_CONVERSION = YES;
				CLANG_WARN_COMMA = YES;
				CLANG_WARN_CONSTANT_CONVERSION = YES;
				CLANG_WARN_DEPRECATED_OBJC_IMPLEMENTATIONS = YES;
				CLANG_WARN_DIRECT_OBJC_ISA_USAGE = YES_ERROR;
				CLANG_WARN_DOCUMENTATION_COMMENTS = YES;
				CLANG_WARN_EMPTY_BODY = YES;
				CLANG_WARN_ENUM_CONVERSION = YES;
				CLANG_WARN_INFINITE_RECURSION = YES;
				CLANG_WARN_INT_CONVERSION = YES;
				CLANG_WARN_NON_LITERAL_NULL_CONVERSION = YES;
				CLANG_WARN_OBJC_IMPLICIT_RETAIN_SELF = YES;
				CLANG_WARN_OBJC_LITERAL_CONVERSION = YES;
				CLANG_WARN_OBJC_ROOT_CLASS = YES_ERROR;
				CLANG_WARN_QUOTED_INCLUDE_IN_FRAMEWORK_HEADER = YES;
				CLANG_WARN_RANGE_LOOP_ANALYSIS = YES;
				CLANG_WARN_STRICT_PROTOTYPES = YES;
				CLANG_WARN_SUSPICIOUS_MOVE = YES;
				CLANG_WARN_UNGUARDED_AVAILABILITY = YES_AGGRESSIVE;
				CLANG_WARN_UNREACHABLE_CODE = YES;
				CLANG_WARN__DUPLICATE_METHOD_MATCH = YES;
				COPY_PHASE_STRIP = NO;
				DEBUG_INFORMATION_FORMAT = "dwarf-with-dsym";
				ENABLE_NS_ASSERTIONS = NO;
				ENABLE_STRICT_OBJC_MSGSEND = YES;
				GCC_C_LANGUAGE_STANDARD = gnu11;
				GCC_NO_COMMON_BLOCKS = YES;
				GCC_WARN_64_TO_32_BIT_CONVERSION = YES;
				GCC_WARN_ABOUT_RETURN_TYPE = YES_ERROR;
				GCC_WARN_UNDECLARED_SELECTOR = YES;
				GCC_WARN_UNINITIALIZED_AUTOS = YES_AGGRESSIVE;
				GCC_WARN_UNUSED_FUNCTION = YES;
				GCC_WARN_UNUSED_VARIABLE = YES;
				IPHONEOS_DEPLOYMENT_TARGET = 16.2;
				MTL_ENABLE_DEBUG_INFO = NO;
				MTL_FAST_MATH = YES;
				SDKROOT = iphoneos;
				SWIFT_COMPILATION_MODE = wholemodule;
				SWIFT_OPTIMIZATION_LEVEL = "-O";
				VALIDATE_PRODUCT = YES;
			};
			name = Release;
		};
		B6016E2929B1F37B009C0DFD /* Debug */ = {
			isa = XCBuildConfiguration;
			buildSettings = {
				ASSETCATALOG_COMPILER_APPICON_NAME = AppIcon;
				ASSETCATALOG_COMPILER_GLOBAL_ACCENT_COLOR_NAME = AccentColor;
				CODE_SIGN_STYLE = Automatic;
				CURRENT_PROJECT_VERSION = 1;
				DEVELOPMENT_ASSET_PATHS = "\"ChatGPTSwiftUI/Preview Content\"";
				DEVELOPMENT_TEAM = AFU28XCKKE;
				ENABLE_PREVIEWS = YES;
				GENERATE_INFOPLIST_FILE = YES;
				INFOPLIST_KEY_UIApplicationSceneManifest_Generation = YES;
				INFOPLIST_KEY_UIApplicationSupportsIndirectInputEvents = YES;
				INFOPLIST_KEY_UILaunchScreen_Generation = YES;
				INFOPLIST_KEY_UISupportedInterfaceOrientations_iPad = "UIInterfaceOrientationPortrait UIInterfaceOrientationPortraitUpsideDown UIInterfaceOrientationLandscapeLeft UIInterfaceOrientationLandscapeRight";
				INFOPLIST_KEY_UISupportedInterfaceOrientations_iPhone = "UIInterfaceOrientationPortrait UIInterfaceOrientationLandscapeLeft UIInterfaceOrientationLandscapeRight";
				IPHONEOS_DEPLOYMENT_TARGET = 16.0;
				LD_RUNPATH_SEARCH_PATHS = (
					"$(inherited)",
					"@executable_path/Frameworks",
				);
				MARKETING_VERSION = 1.0;
				PRODUCT_BUNDLE_IDENTIFIER = com.app.chadgpt.ChatGPTSwiftUI;
				PRODUCT_NAME = "$(TARGET_NAME)";
				SWIFT_EMIT_LOC_STRINGS = YES;
				SWIFT_VERSION = 5.0;
				TARGETED_DEVICE_FAMILY = "1,2";
			};
			name = Debug;
		};
		B6016E2A29B1F37B009C0DFD /* Release */ = {
			isa = XCBuildConfiguration;
			buildSettings = {
				ASSETCATALOG_COMPILER_APPICON_NAME = AppIcon;
				ASSETCATALOG_COMPILER_GLOBAL_ACCENT_COLOR_NAME = AccentColor;
				CODE_SIGN_STYLE = Automatic;
				CURRENT_PROJECT_VERSION = 1;
				DEVELOPMENT_ASSET_PATHS = "\"ChatGPTSwiftUI/Preview Content\"";
				DEVELOPMENT_TEAM = AFU28XCKKE;
				ENABLE_PREVIEWS = YES;
				GENERATE_INFOPLIST_FILE = YES;
				INFOPLIST_KEY_UIApplicationSceneManifest_Generation = YES;
				INFOPLIST_KEY_UIApplicationSupportsIndirectInputEvents = YES;
				INFOPLIST_KEY_UILaunchScreen_Generation = YES;
				INFOPLIST_KEY_UISupportedInterfaceOrientations_iPad = "UIInterfaceOrientationPortrait UIInterfaceOrientationPortraitUpsideDown UIInterfaceOrientationLandscapeLeft UIInterfaceOrientationLandscapeRight";
				INFOPLIST_KEY_UISupportedInterfaceOrientations_iPhone = "UIInterfaceOrientationPortrait UIInterfaceOrientationLandscapeLeft UIInterfaceOrientationLandscapeRight";
				IPHONEOS_DEPLOYMENT_TARGET = 16.0;
				LD_RUNPATH_SEARCH_PATHS = (
					"$(inherited)",
					"@executable_path/Frameworks",
				);
				MARKETING_VERSION = 1.0;
				PRODUCT_BUNDLE_IDENTIFIER = com.app.chadgpt.ChatGPTSwiftUI;
				PRODUCT_NAME = "$(TARGET_NAME)";
				SWIFT_EMIT_LOC_STRINGS = YES;
				SWIFT_VERSION = 5.0;
				TARGETED_DEVICE_FAMILY = "1,2";
			};
			name = Release;
		};
/* End XCBuildConfiguration section */

/* Begin XCConfigurationList section */
		B6016E1529B1F37A009C0DFD /* Build configuration list for PBXProject "ChatGPTSwiftUI" */ = {
			isa = XCConfigurationList;
			buildConfigurations = (
				B6016E2629B1F37B009C0DFD /* Debug */,
				B6016E2729B1F37B009C0DFD /* Release */,
			);
			defaultConfigurationIsVisible = 0;
			defaultConfigurationName = Release;
		};
		B6016E2829B1F37B009C0DFD /* Build configuration list for PBXNativeTarget "ChatGPTSwiftUI" */ = {
			isa = XCConfigurationList;
			buildConfigurations = (
				B6016E2929B1F37B009C0DFD /* Debug */,
				B6016E2A29B1F37B009C0DFD /* Release */,
			);
			defaultConfigurationIsVisible = 0;
			defaultConfigurationName = Release;
		};
/* End XCConfigurationList section */

/* Begin XCRemoteSwiftPackageReference section */
		B6936B2D29B2AF60002FF971 /* XCRemoteSwiftPackageReference "SwiftKeychainWrapper" */ = {
			isa = XCRemoteSwiftPackageReference;
			repositoryURL = "https://github.com/jrendel/SwiftKeychainWrapper";
			requirement = {
				branch = develop;
				kind = branch;
			};
		};
/* End XCRemoteSwiftPackageReference section */

/* Begin XCSwiftPackageProductDependency section */
		B6936B2E29B2AF60002FF971 /* SwiftKeychainWrapper */ = {
			isa = XCSwiftPackageProductDependency;
			package = B6936B2D29B2AF60002FF971 /* XCRemoteSwiftPackageReference "SwiftKeychainWrapper" */;
			productName = SwiftKeychainWrapper;
		};
/* End XCSwiftPackageProductDependency section */
	};
	rootObject = B6016E1229B1F37A009C0DFD /* Project object */;
}
